
Microsoft Visual Studio Solution File, Format Version 12.00
# Visual Studio Version 17
VisualStudioVersion = 17.3.32901.215
MinimumVisualStudioVersion = 10.0.40219.1
Project("{9A19103F-16F7-4668-BE54-9A1E7A4F7556}") = "CharacterMakerAPI", "CharacterMakerAPI.csproj", "{135E5BF6-2186-49DC-8AAA-704C968295F8}"
EndProject
Global
	GlobalSection(SolutionConfigurationPlatforms) = preSolution
		Debug|Any CPU = Debug|Any CPU
		Release|Any CPU = Release|Any CPU
	EndGlobalSection
	GlobalSection(ProjectConfigurationPlatforms) = postSolution
		{135E5BF6-2186-49DC-8AAA-704C968295F8}.Debug|Any CPU.ActiveCfg = Debug|Any CPU
		{135E5BF6-2186-49DC-8AAA-704C968295F8}.Debug|Any CPU.Build.0 = Debug|Any CPU
		{135E5BF6-2186-49DC-8AAA-704C968295F8}.Release|Any CPU.ActiveCfg = Release|Any CPU
		{135E5BF6-2186-49DC-8AAA-704C968295F8}.Release|Any CPU.Build.0 = Release|Any CPU
	EndGlobalSection
	GlobalSection(SolutionProperties) = preSolution
		HideSolutionNode = FALSE
	EndGlobalSection
	GlobalSection(ExtensibilityGlobals) = postSolution
		SolutionGuid = {C96289CB-48ED-41C1-9446-172CE48439FB}
	EndGlobalSection
EndGlobal
